
Microsoft Visual Studio Solution File, Format Version 12.00
# Visual Studio Version 16
VisualStudioVersion = 16.0.33423.256
MinimumVisualStudioVersion = 10.0.40219.1
Project("{8BC9CEB8-8B4A-11D0-8D11-00A0C91BC942}") = "Server", "Server\Server.vcxproj", "{17644B41-69BB-4B5F-8EF3-A1A6BA3585B5}"
EndProject
Project("{8BC9CEB8-8B4A-11D0-8D11-00A0C91BC942}") = "Client", "Client\Client.vcxproj", "{EE629ECA-52F5-4E1C-B48F-A62EF3B75AAB}"
EndProject
Global
	GlobalSection(SolutionConfigurationPlatforms) = preSolution
		Debug|x64 = Debug|x64
		Debug|x86 = Debug|x86
		Release|x64 = Release|x64
		Release|x86 = Release|x86
	EndGlobalSection
	GlobalSection(ProjectConfigurationPlatforms) = postSolution
		{17644B41-69BB-4B5F-8EF3-A1A6BA3585B5}.Debug|x64.ActiveCfg = Debug|x64
		{17644B41-69BB-4B5F-8EF3-A1A6BA3585B5}.Debug|x64.Build.0 = Debug|x64
		{17644B41-69BB-4B5F-8EF3-A1A6BA3585B5}.Debug|x86.ActiveCfg = Debug|Win32
		{17644B41-69BB-4B5F-8EF3-A1A6BA3585B5}.Debug|x86.Build.0 = Debug|Win32
		{17644B41-69BB-4B5F-8EF3-A1A6BA3585B5}.Release|x64.ActiveCfg = Release|x64
		{17644B41-69BB-4B5F-8EF3-A1A6BA3585B5}.Release|x64.Build.0 = Release|x64
		{17644B41-69BB-4B5F-8EF3-A1A6BA3585B5}.Release|x86.ActiveCfg = Release|Win32
		{17644B41-69BB-4B5F-8EF3-A1A6BA3585B5}.Release|x86.Build.0 = Release|Win32
		{EE629ECA-52F5-4E1C-B48F-A62EF3B75AAB}.Debug|x64.ActiveCfg = Debug|x64
		{EE629ECA-52F5-4E1C-B48F-A62EF3B75AAB}.Debug|x64.Build.0 = Debug|x64
		{EE629ECA-52F5-4E1C-B48F-A62EF3B75AAB}.Debug|x86.ActiveCfg = Debug|Win32
		{EE629ECA-52F5-4E1C-B48F-A62EF3B75AAB}.Debug|x86.Build.0 = Debug|Win32
		{EE629ECA-52F5-4E1C-B48F-A62EF3B75AAB}.Release|x64.ActiveCfg = Release|x64
		{EE629ECA-52F5-4E1C-B48F-A62EF3B75AAB}.Release|x64.Build.0 = Release|x64
		{EE629ECA-52F5-4E1C-B48F-A62EF3B75AAB}.Release|x86.ActiveCfg = Release|Win32
		{EE629ECA-52F5-4E1C-B48F-A62EF3B75AAB}.Release|x86.Build.0 = Release|Win32
	EndGlobalSection
	GlobalSection(SolutionProperties) = preSolution
		HideSolutionNode = FALSE
	EndGlobalSection
	GlobalSection(ExtensibilityGlobals) = postSolution
		SolutionGuid = {F4F6E031-D10B-4866-A849-742250A16E49}
	EndGlobalSection
EndGlobal
